schema: '2.0'
stages:
  data_ingestion:
    cmd: python src/data_ingestion.py
    deps:
    - path: src/data_ingestion.py
      hash: md5
      md5: d43faecfcd683ad4c656e7f3b6c952b3
      size: 3648
    params:
      params.yaml:
        data_ingestion.test_size: 0.21
    outs:
    - path: data/raw
      hash: md5
      md5: 4f8ed12448f912122e61579897c4099f.dir
      size: 484846
      nfiles: 2
  data_preprocessing:
    cmd: python src/data_preprocessing.py
    deps:
    - path: data/raw
      hash: md5
      md5: 4f8ed12448f912122e61579897c4099f.dir
      size: 484846
      nfiles: 2
    - path: src/data_preprocessing.py
      hash: md5
      md5: ae0059b79590609927f72e3c373f1865
      size: 3973
    outs:
    - path: data/interim
      hash: md5
      md5: b4f97c417a52c607b4a413bdef8e0da1.dir
      size: 260499
      nfiles: 2
  feature_engineering:
    cmd: python src/feature_engineering.py
    deps:
    - path: data/interim
      hash: md5
      md5: b4f97c417a52c607b4a413bdef8e0da1.dir
      size: 260499
      nfiles: 2
    - path: src/feature_engineering.py
      hash: md5
      md5: 6626c3ff5bb8c9f67171e62e23654ff2
      size: 3891
    params:
      params.yaml:
        feature_engineering.max_features: 35
    outs:
    - path: data/processed
      hash: md5
      md5: 7e0f8b7ef282bce742bfc7698a100a09.dir
      size: 835494
      nfiles: 2
  model_building:
    cmd: python src/model_building.py
    deps:
    - path: data/processed
      hash: md5
      md5: 7e0f8b7ef282bce742bfc7698a100a09.dir
      size: 835494
      nfiles: 2
    - path: src/model_building.py
      hash: md5
      md5: b515995c1affe01d5e7cb603acb5fcf2
      size: 4491
    params:
      params.yaml:
        model_building.n_estimators: 22
        model_building.random_state: 2
    outs:
    - path: models/model.pkl
      hash: md5
      md5: ecb6d16170bcc4748cf718ec65a1c574
      size: 728796
  model_evaluation:
    cmd: python src/model_evaluation.py
    deps:
    - path: models/model.pkl
      hash: md5
      md5: ecb6d16170bcc4748cf718ec65a1c574
      size: 728796
    - path: src/model_evaluation.py
      hash: md5
      md5: eb9fd200f38b5dce6e70c4ddcd7ef53c
      size: 4651
    outs:
    - path: reports/metrics.json
      hash: md5
      md5: 2a15ce7246d727a0ab868eb14d03d76c
      size: 119
